
Microsoft Visual Studio Solution File, Format Version 12.00
# Visual Studio Version 17
VisualStudioVersion = 17.4.33403.182
MinimumVisualStudioVersion = 10.0.40219.1
Project("{FAE04EC0-301F-11D3-BF4B-00C04F79EFBC}") = "BookingResort_ResortAPI", "BookingResort_ResortAPI\BookingResort_ResortAPI.csproj", "{4F3FAE4E-160D-45DE-AA54-E04D971901E1}"
EndProject
Global
	GlobalSection(SolutionConfigurationPlatforms) = preSolution
		Debug|Any CPU = Debug|Any CPU
		Release|Any CPU = Release|Any CPU
	EndGlobalSection
	GlobalSection(ProjectConfigurationPlatforms) = postSolution
		{4F3FAE4E-160D-45DE-AA54-E04D971901E1}.Debug|Any CPU.ActiveCfg = Debug|Any CPU
		{4F3FAE4E-160D-45DE-AA54-E04D971901E1}.Debug|Any CPU.Build.0 = Debug|Any CPU
		{4F3FAE4E-160D-45DE-AA54-E04D971901E1}.Release|Any CPU.ActiveCfg = Release|Any CPU
		{4F3FAE4E-160D-45DE-AA54-E04D971901E1}.Release|Any CPU.Build.0 = Release|Any CPU
	EndGlobalSection
	GlobalSection(SolutionProperties) = preSolution
		HideSolutionNode = FALSE
	EndGlobalSection
	GlobalSection(ExtensibilityGlobals) = postSolution
		SolutionGuid = {FFBEF237-3243-4F74-9CDB-52DAA4D9D575}
	EndGlobalSection
EndGlobal
